
Microsoft Visual Studio Solution File, Format Version 12.00
# Visual Studio Version 16
VisualStudioVersion = 16.0.30621.155
MinimumVisualStudioVersion = 10.0.40219.1
Project("{FAE04EC0-301F-11D3-BF4B-00C04F79EFBC}") = "TestUngDung", "TestUngDung\TestUngDung.csproj", "{FBB8950B-9546-4905-A266-ADFE0E7485D9}"
EndProject
Project("{FAE04EC0-301F-11D3-BF4B-00C04F79EFBC}") = "ModelEF", "ModelEF\ModelEF.csproj", "{5E713DE2-1ABD-4547-A642-5BFEA1A103A1}"
EndProject
Global
	GlobalSection(SolutionConfigurationPlatforms) = preSolution
		Debug|Any CPU = Debug|Any CPU
		Release|Any CPU = Release|Any CPU
	EndGlobalSection
	GlobalSection(ProjectConfigurationPlatforms) = postSolution
		{FBB8950B-9546-4905-A266-ADFE0E7485D9}.Debug|Any CPU.ActiveCfg = Debug|Any CPU
		{FBB8950B-9546-4905-A266-ADFE0E7485D9}.Debug|Any CPU.Build.0 = Debug|Any CPU
		{FBB8950B-9546-4905-A266-ADFE0E7485D9}.Release|Any CPU.ActiveCfg = Release|Any CPU
		{FBB8950B-9546-4905-A266-ADFE0E7485D9}.Release|Any CPU.Build.0 = Release|Any CPU
		{5E713DE2-1ABD-4547-A642-5BFEA1A103A1}.Debug|Any CPU.ActiveCfg = Debug|Any CPU
		{5E713DE2-1ABD-4547-A642-5BFEA1A103A1}.Debug|Any CPU.Build.0 = Debug|Any CPU
		{5E713DE2-1ABD-4547-A642-5BFEA1A103A1}.Release|Any CPU.ActiveCfg = Release|Any CPU
		{5E713DE2-1ABD-4547-A642-5BFEA1A103A1}.Release|Any CPU.Build.0 = Release|Any CPU
	EndGlobalSection
	GlobalSection(SolutionProperties) = preSolution
		HideSolutionNode = FALSE
	EndGlobalSection
	GlobalSection(ExtensibilityGlobals) = postSolution
		SolutionGuid = {64F182B9-ED40-400B-B7D0-EDDEA04784BC}
	EndGlobalSection
EndGlobal
